
Microsoft Visual Studio Solution File, Format Version 12.00
# Visual Studio Version 17
VisualStudioVersion = 17.2.32602.215
MinimumVisualStudioVersion = 10.0.40219.1
Project("{FAE04EC0-301F-11D3-BF4B-00C04F79EFBC}") = "BarberShop", "BarberShop.csproj", "{66818B58-EAAB-4487-B5AF-A13F0885C202}"
EndProject
Global
	GlobalSection(SolutionConfigurationPlatforms) = preSolution
		Debug|Any CPU = Debug|Any CPU
		Release|Any CPU = Release|Any CPU
	EndGlobalSection
	GlobalSection(ProjectConfigurationPlatforms) = postSolution
		{66818B58-EAAB-4487-B5AF-A13F0885C202}.Debug|Any CPU.ActiveCfg = Debug|Any CPU
		{66818B58-EAAB-4487-B5AF-A13F0885C202}.Debug|Any CPU.Build.0 = Debug|Any CPU
		{66818B58-EAAB-4487-B5AF-A13F0885C202}.Release|Any CPU.ActiveCfg = Release|Any CPU
		{66818B58-EAAB-4487-B5AF-A13F0885C202}.Release|Any CPU.Build.0 = Release|Any CPU
	EndGlobalSection
	GlobalSection(SolutionProperties) = preSolution
		HideSolutionNode = FALSE
	EndGlobalSection
	GlobalSection(ExtensibilityGlobals) = postSolution
		SolutionGuid = {48BD299F-44C5-4657-A203-E54D6755B603}
	EndGlobalSection
EndGlobal
